// !$*UTF8*$!
{
	archiveVersion = 1;
	classes = {
	};
	objectVersion = 55;
	objects = {

/* Begin PBXBuildFile section */
		288967602A27808F00A1377B /* AppDelegate.swift in Sources */ = {isa = PBXBuildFile; fileRef = 2889675F2A27808F00A1377B /* AppDelegate.swift */; };
		288967622A27808F00A1377B /* SceneDelegate.swift in Sources */ = {isa = PBXBuildFile; fileRef = 288967612A27808F00A1377B /* SceneDelegate.swift */; };
		288967642A27808F00A1377B /* iniciarSesionViewController.swift in Sources */ = {isa = PBXBuildFile; fileRef = 288967632A27808F00A1377B /* iniciarSesionViewController.swift */; };
		288967672A27808F00A1377B /* Main.storyboard in Resources */ = {isa = PBXBuildFile; fileRef = 288967652A27808F00A1377B /* Main.storyboard */; };
		288967692A27809200A1377B /* Assets.xcassets in Resources */ = {isa = PBXBuildFile; fileRef = 288967682A27809200A1377B /* Assets.xcassets */; };
		2889676C2A27809200A1377B /* LaunchScreen.storyboard in Resources */ = {isa = PBXBuildFile; fileRef = 2889676A2A27809200A1377B /* LaunchScreen.storyboard */; };
		288967742A27861200A1377B /* GoogleService-Info.plist in Resources */ = {isa = PBXBuildFile; fileRef = 288967732A27861200A1377B /* GoogleService-Info.plist */; };
		288967772A2791C100A1377B /* FirebaseAnalytics in Frameworks */ = {isa = PBXBuildFile; productRef = 288967762A2791C100A1377B /* FirebaseAnalytics */; };
		288967792A2791C100A1377B /* FirebaseAuth in Frameworks */ = {isa = PBXBuildFile; productRef = 288967782A2791C100A1377B /* FirebaseAuth */; };
		2889677B2A2793DC00A1377B /* lizzy.png in Resources */ = {isa = PBXBuildFile; fileRef = 2889677A2A2793DC00A1377B /* lizzy.png */; };
/* End PBXBuildFile section */

/* Begin PBXFileReference section */
		2889675C2A27808F00A1377B /* MercadoSnapchat.app */ = {isa = PBXFileReference; explicitFileType = wrapper.application; includeInIndex = 0; path = MercadoSnapchat.app; sourceTree = BUILT_PRODUCTS_DIR; };
		2889675F2A27808F00A1377B /* AppDelegate.swift */ = {isa = PBXFileReference; lastKnownFileType = sourcecode.swift; path = AppDelegate.swift; sourceTree = "<group>"; };
		288967612A27808F00A1377B /* SceneDelegate.swift */ = {isa = PBXFileReference; lastKnownFileType = sourcecode.swift; path = SceneDelegate.swift; sourceTree = "<group>"; };
		288967632A27808F00A1377B /* iniciarSesionViewController.swift */ = {isa = PBXFileReference; lastKnownFileType = sourcecode.swift; path = iniciarSesionViewController.swift; sourceTree = "<group>"; };
		288967662A27808F00A1377B /* Base */ = {isa = PBXFileReference; lastKnownFileType = file.storyboard; name = Base; path = Base.lproj/Main.storyboard; sourceTree = "<group>"; };
		288967682A27809200A1377B /* Assets.xcassets */ = {isa = PBXFileReference; lastKnownFileType = folder.assetcatalog; path = Assets.xcassets; sourceTree = "<group>"; };
		2889676B2A27809200A1377B /* Base */ = {isa = PBXFileReference; lastKnownFileType = file.storyboard; name = Base; path = Base.lproj/LaunchScreen.storyboard; sourceTree = "<group>"; };
		2889676D2A27809200A1377B /* Info.plist */ = {isa = PBXFileReference; lastKnownFileType = text.plist.xml; path = Info.plist; sourceTree = "<group>"; };
		288967732A27861200A1377B /* GoogleService-Info.plist */ = {isa = PBXFileReference; fileEncoding = 4; lastKnownFileType = text.plist.xml; path = "GoogleService-Info.plist"; sourceTree = "<group>"; };
		2889677A2A2793DC00A1377B /* lizzy.png */ = {isa = PBXFileReference; lastKnownFileType = image.png; path = lizzy.png; sourceTree = "<group>"; };
/* End PBXFileReference section */

/* Begin PBXFrameworksBuildPhase section */
		288967592A27808F00A1377B /* Frameworks */ = {
			isa = PBXFrameworksBuildPhase;
			buildActionMask = 2147483647;
			files = (
				288967772A2791C100A1377B /* FirebaseAnalytics in Frameworks */,
				288967792A2791C100A1377B /* FirebaseAuth in Frameworks */,
			);
			runOnlyForDeploymentPostprocessing = 0;
		};
/* End PBXFrameworksBuildPhase section */

/* Begin PBXGroup section */
		288967532A27808E00A1377B = {
			isa = PBXGroup;
			children = (
				2889675E2A27808F00A1377B /* MercadoSnapchat */,
				2889675D2A27808F00A1377B /* Products */,
			);
			sourceTree = "<group>";
		};
		2889675D2A27808F00A1377B /* Products */ = {
			isa = PBXGroup;
			children = (
				2889675C2A27808F00A1377B /* MercadoSnapchat.app */,
			);
			name = Products;
			sourceTree = "<group>";
		};
		2889675E2A27808F00A1377B /* MercadoSnapchat */ = {
			isa = PBXGroup;
			children = (
				288967732A27861200A1377B /* GoogleService-Info.plist */,
				2889675F2A27808F00A1377B /* AppDelegate.swift */,
				288967612A27808F00A1377B /* SceneDelegate.swift */,
				288967632A27808F00A1377B /* iniciarSesionViewController.swift */,
				2889677A2A2793DC00A1377B /* lizzy.png */,
				288967652A27808F00A1377B /* Main.storyboard */,
				288967682A27809200A1377B /* Assets.xcassets */,
				2889676A2A27809200A1377B /* LaunchScreen.storyboard */,
				2889676D2A27809200A1377B /* Info.plist */,
			);
			path = MercadoSnapchat;
			sourceTree = "<group>";
		};
/* End PBXGroup section */

/* Begin PBXNativeTarget section */
		2889675B2A27808F00A1377B /* MercadoSnapchat */ = {
			isa = PBXNativeTarget;
			buildConfigurationList = 288967702A27809200A1377B /* Build configuration list for PBXNativeTarget "MercadoSnapchat" */;
			buildPhases = (
				288967582A27808F00A1377B /* Sources */,
				288967592A27808F00A1377B /* Frameworks */,
				2889675A2A27808F00A1377B /* Resources */,
			);
			buildRules = (
			);
			dependencies = (
			);
			name = MercadoSnapchat;
			packageProductDependencies = (
				288967762A2791C100A1377B /* FirebaseAnalytics */,
				288967782A2791C100A1377B /* FirebaseAuth */,
			);
			productName = MercadoSnapchat;
			productReference = 2889675C2A27808F00A1377B /* MercadoSnapchat.app */;
			productType = "com.apple.product-type.application";
		};
/* End PBXNativeTarget section */

/* Begin PBXProject section */
		288967542A27808E00A1377B /* Project object */ = {
			isa = PBXProject;
			attributes = {
				BuildIndependentTargetsInParallel = 1;
				LastSwiftUpdateCheck = 1340;
				LastUpgradeCheck = 1340;
				TargetAttributes = {
					2889675B2A27808F00A1377B = {
						CreatedOnToolsVersion = 13.4.1;
					};
				};
			};
			buildConfigurationList = 288967572A27808E00A1377B /* Build configuration list for PBXProject "MercadoSnapchat" */;
			compatibilityVersion = "Xcode 13.0";
			developmentRegion = en;
			hasScannedForEncodings = 0;
			knownRegions = (
				en,
				Base,
			);
			mainGroup = 288967532A27808E00A1377B;
			packageReferences = (
				288967752A2791C100A1377B /* XCRemoteSwiftPackageReference "firebase-ios-sdk" */,
			);
			productRefGroup = 2889675D2A27808F00A1377B /* Products */;
			projectDirPath = "";
			projectRoot = "";
			targets = (
				2889675B2A27808F00A1377B /* MercadoSnapchat */,
			);
		};
/* End PBXProject section */

/* Begin PBXResourcesBuildPhase section */
		2889675A2A27808F00A1377B /* Resources */ = {
			isa = PBXResourcesBuildPhase;
			buildActionMask = 2147483647;
			files = (
				2889677B2A2793DC00A1377B /* lizzy.png in Resources */,
				2889676C2A27809200A1377B /* LaunchScreen.storyboard in Resources */,
				288967742A27861200A1377B /* GoogleService-Info.plist in Resources */,
				288967692A27809200A1377B /* Assets.xcassets in Resources */,
				288967672A27808F00A1377B /* Main.storyboard in Resources */,
			);
			runOnlyForDeploymentPostprocessing = 0;
		};
/* End PBXResourcesBuildPhase section */

/* Begin PBXSourcesBuildPhase section */
		288967582A27808F00A1377B /* Sources */ = {
			isa = PBXSourcesBuildPhase;
			buildActionMask = 2147483647;
			files = (
				288967642A27808F00A1377B /* iniciarSesionViewController.swift in Sources */,
				288967602A27808F00A1377B /* AppDelegate.swift in Sources */,
				288967622A27808F00A1377B /* SceneDelegate.swift in Sources */,
			);
			runOnlyForDeploymentPostprocessing = 0;
		};
/* End PBXSourcesBuildPhase section */

/* Begin PBXVariantGroup section */
		288967652A27808F00A1377B /* Main.storyboard */ = {
			isa = PBXVariantGroup;
			children = (
				288967662A27808F00A1377B /* Base */,
			);
			name = Main.storyboard;
			sourceTree = "<group>";
		};
		2889676A2A27809200A1377B /* LaunchScreen.storyboard */ = {
			isa = PBXVariantGroup;
			children = (
				2889676B2A27809200A1377B /* Base */,
			);
			name = LaunchScreen.storyboard;
			sourceTree = "<group>";
		};
/* End PBXVariantGroup section */

/* Begin XCBuildConfiguration section */
		2889676E2A27809200A1377B /* Debug */ = {
			isa = XCBuildConfiguration;
			buildSettings = {
				ALWAYS_SEARCH_USER_PATHS = NO;
				CLANG_ANALYZER_NONNULL = YES;
				CLANG_ANALYZER_NUMBER_OBJECT_CONVERSION = YES_AGGRESSIVE;
				CLANG_CXX_LANGUAGE_STANDARD = "gnu++17";
				CLANG_ENABLE_MODULES = YES;
				CLANG_ENABLE_OBJC_ARC = YES;
				CLANG_ENABLE_OBJC_WEAK = YES;
				CLANG_WARN_BLOCK_CAPTURE_AUTORELEASING = YES;
				CLANG_WARN_BOOL_CONVERSION = YES;
				CLANG_WARN_COMMA = YES;
				CLANG_WARN_CONSTANT_CONVERSION = YES;
				CLANG_WARN_DEPRECATED_OBJC_IMPLEMENTATIONS = YES;
				CLANG_WARN_DIRECT_OBJC_ISA_USAGE = YES_ERROR;
				CLANG_WARN_DOCUMENTATION_COMMENTS = YES;
				CLANG_WARN_EMPTY_BODY = YES;
				CLANG_WARN_ENUM_CONVERSION = YES;
				CLANG_WARN_INFINITE_RECURSION = YES;
				CLANG_WARN_INT_CONVERSION = YES;
				CLANG_WARN_NON_LITERAL_NULL_CONVERSION = YES;
				CLANG_WARN_OBJC_IMPLICIT_RETAIN_SELF = YES;
				CLANG_WARN_OBJC_LITERAL_CONVERSION = YES;
				CLANG_WARN_OBJC_ROOT_CLASS = YES_ERROR;
				CLANG_WARN_QUOTED_INCLUDE_IN_FRAMEWORK_HEADER = YES;
				CLANG_WARN_RANGE_LOOP_ANALYSIS = YES;
				CLANG_WARN_STRICT_PROTOTYPES = YES;
				CLANG_WARN_SUSPICIOUS_MOVE = YES;
				CLANG_WARN_UNGUARDED_AVAILABILITY = YES_AGGRESSIVE;
				CLANG_WARN_UNREACHABLE_CODE = YES;
				CLANG_WARN__DUPLICATE_METHOD_MATCH = YES;
				COPY_PHASE_STRIP = NO;
				DEBUG_INFORMATION_FORMAT = dwarf;
				ENABLE_STRICT_OBJC_MSGSEND = YES;
				ENABLE_TESTABILITY = YES;
				GCC_C_LANGUAGE_STANDARD = gnu11;
				GCC_DYNAMIC_NO_PIC = NO;
				GCC_NO_COMMON_BLOCKS = YES;
				GCC_OPTIMIZATION_LEVEL = 0;
				GCC_PREPROCESSOR_DEFINITIONS = (
					"DEBUG=1",
					"$(inherited)",
				);
				GCC_WARN_64_TO_32_BIT_CONVERSION = YES;
				GCC_WARN_ABOUT_RETURN_TYPE = YES_ERROR;
				GCC_WARN_UNDECLARED_SELECTOR = YES;
				GCC_WARN_UNINITIALIZED_AUTOS = YES_AGGRESSIVE;
				GCC_WARN_UNUSED_FUNCTION = YES;
				GCC_WARN_UNUSED_VARIABLE = YES;
				IPHONEOS_DEPLOYMENT_TARGET = 15.5;
				MTL_ENABLE_DEBUG_INFO = INCLUDE_SOURCE;
				MTL_FAST_MATH = YES;
				ONLY_ACTIVE_ARCH = YES;
				SDKROOT = iphoneos;
				SWIFT_ACTIVE_COMPILATION_CONDITIONS = DEBUG;
				SWIFT_OPTIMIZATION_LEVEL = "-Onone";
			};
			name = Debug;
		};
		2889676F2A27809200A1377B /* Release */ = {
			isa = XCBuildConfiguration;
			buildSettings = {
				ALWAYS_SEARCH_USER_PATHS = NO;
				CLANG_ANALYZER_NONNULL = YES;
				CLANG_ANALYZER_NUMBER_OBJECT_CONVERSION = YES_AGGRESSIVE;
				CLANG_CXX_LANGUAGE_STANDARD = "gnu++17";
				CLANG_ENABLE_MODULES = YES;
				CLANG_ENABLE_OBJC_ARC = YES;
				CLANG_ENABLE_OBJC_WEAK = YES;
				CLANG_WARN_BLOCK_CAPTURE_AUTORELEASING = YES;
				CLANG_WARN_BOOL_CONVERSION = YES;
				CLANG_WARN_COMMA = YES;
				CLANG_WARN_CONSTANT_CONVERSION = YES;
				CLANG_WARN_DEPRECATED_OBJC_IMPLEMENTATIONS = YES;
				CLANG_WARN_DIRECT_OBJC_ISA_USAGE = YES_ERROR;
				CLANG_WARN_DOCUMENTATION_COMMENTS = YES;
				CLANG_WARN_EMPTY_BODY = YES;
				CLANG_WARN_ENUM_CONVERSION = YES;
				CLANG_WARN_INFINITE_RECURSION = YES;
				CLANG_WARN_INT_CONVERSION = YES;
				CLANG_WARN_NON_LITERAL_NULL_CONVERSION = YES;
				CLANG_WARN_OBJC_IMPLICIT_RETAIN_SELF = YES;
				CLANG_WARN_OBJC_LITERAL_CONVERSION = YES;
				CLANG_WARN_OBJC_ROOT_CLASS = YES_ERROR;
				CLANG_WARN_QUOTED_INCLUDE_IN_FRAMEWORK_HEADER = YES;
				CLANG_WARN_RANGE_LOOP_ANALYSIS = YES;
				CLANG_WARN_STRICT_PROTOTYPES = YES;
				CLANG_WARN_SUSPICIOUS_MOVE = YES;
				CLANG_WARN_UNGUARDED_AVAILABILITY = YES_AGGRESSIVE;
				CLANG_WARN_UNREACHABLE_CODE = YES;
				CLANG_WARN__DUPLICATE_METHOD_MATCH = YES;
				COPY_PHASE_STRIP = NO;
				DEBUG_INFORMATION_FORMAT = "dwarf-with-dsym";
				ENABLE_NS_ASSERTIONS = NO;
				ENABLE_STRICT_OBJC_MSGSEND = YES;
				GCC_C_LANGUAGE_STANDARD = gnu11;
				GCC_NO_COMMON_BLOCKS = YES;
				GCC_WARN_64_TO_32_BIT_CONVERSION = YES;
				GCC_WARN_ABOUT_RETURN_TYPE = YES_ERROR;
				GCC_WARN_UNDECLARED_SELECTOR = YES;
				GCC_WARN_UNINITIALIZED_AUTOS = YES_AGGRESSIVE;
				GCC_WARN_UNUSED_FUNCTION = YES;
				GCC_WARN_UNUSED_VARIABLE = YES;
				IPHONEOS_DEPLOYMENT_TARGET = 15.5;
				MTL_ENABLE_DEBUG_INFO = NO;
				MTL_FAST_MATH = YES;
				SDKROOT = iphoneos;
				SWIFT_COMPILATION_MODE = wholemodule;
				SWIFT_OPTIMIZATION_LEVEL = "-O";
				VALIDATE_PRODUCT = YES;
			};
			name = Release;
		};
		288967712A27809200A1377B /* Debug */ = {
			isa = XCBuildConfiguration;
			buildSettings = {
				ASSETCATALOG_COMPILER_APPICON_NAME = AppIcon;
				ASSETCATALOG_COMPILER_GLOBAL_ACCENT_COLOR_NAME = AccentColor;
				CODE_SIGN_STYLE = Automatic;
				CURRENT_PROJECT_VERSION = 1;
				GENERATE_INFOPLIST_FILE = YES;
				INFOPLIST_FILE = MercadoSnapchat/Info.plist;
				INFOPLIST_KEY_UIApplicationSupportsIndirectInputEvents = YES;
				INFOPLIST_KEY_UILaunchStoryboardName = LaunchScreen;
				INFOPLIST_KEY_UIMainStoryboardFile = Main;
				INFOPLIST_KEY_UISupportedInterfaceOrientations_iPad = "UIInterfaceOrientationPortrait UIInterfaceOrientationPortraitUpsideDown UIInterfaceOrientationLandscapeLeft UIInterfaceOrientationLandscapeRight";
				INFOPLIST_KEY_UISupportedInterfaceOrientations_iPhone = "UIInterfaceOrientationPortrait UIInterfaceOrientationLandscapeLeft UIInterfaceOrientationLandscapeRight";
				LD_RUNPATH_SEARCH_PATHS = (
					"$(inherited)",
					"@executable_path/Frameworks",
				);
				MARKETING_VERSION = 1.0;
				PRODUCT_BUNDLE_IDENTIFIER = deah.com.MercadoSnapchat;
				PRODUCT_NAME = "$(TARGET_NAME)";
				SWIFT_EMIT_LOC_STRINGS = YES;
				SWIFT_VERSION = 5.0;
				TARGETED_DEVICE_FAMILY = "1,2";
			};
			name = Debug;
		};
		288967722A27809200A1377B /* Release */ = {
			isa = XCBuildConfiguration;
			buildSettings = {
				ASSETCATALOG_COMPILER_APPICON_NAME = AppIcon;
				ASSETCATALOG_COMPILER_GLOBAL_ACCENT_COLOR_NAME = AccentColor;
				CODE_SIGN_STYLE = Automatic;
				CURRENT_PROJECT_VERSION = 1;
				GENERATE_INFOPLIST_FILE = YES;
				INFOPLIST_FILE = MercadoSnapchat/Info.plist;
				INFOPLIST_KEY_UIApplicationSupportsIndirectInputEvents = YES;
				INFOPLIST_KEY_UILaunchStoryboardName = LaunchScreen;
				INFOPLIST_KEY_UIMainStoryboardFile = Main;
				INFOPLIST_KEY_UISupportedInterfaceOrientations_iPad = "UIInterfaceOrientationPortrait UIInterfaceOrientationPortraitUpsideDown UIInterfaceOrientationLandscapeLeft UIInterfaceOrientationLandscapeRight";
				INFOPLIST_KEY_UISupportedInterfaceOrientations_iPhone = "UIInterfaceOrientationPortrait UIInterfaceOrientationLandscapeLeft UIInterfaceOrientationLandscapeRight";
				LD_RUNPATH_SEARCH_PATHS = (
					"$(inherited)",
					"@executable_path/Frameworks",
				);
				MARKETING_VERSION = 1.0;
				PRODUCT_BUNDLE_IDENTIFIER = deah.com.MercadoSnapchat;
				PRODUCT_NAME = "$(TARGET_NAME)";
				SWIFT_EMIT_LOC_STRINGS = YES;
				SWIFT_VERSION = 5.0;
				TARGETED_DEVICE_FAMILY = "1,2";
			};
			name = Release;
		};
/* End XCBuildConfiguration section */

/* Begin XCConfigurationList section */
		288967572A27808E00A1377B /* Build configuration list for PBXProject "MercadoSnapchat" */ = {
			isa = XCConfigurationList;
			buildConfigurations = (
				2889676E2A27809200A1377B /* Debug */,
				2889676F2A27809200A1377B /* Release */,
			);
			defaultConfigurationIsVisible = 0;
			defaultConfigurationName = Release;
		};
		288967702A27809200A1377B /* Build configuration list for PBXNativeTarget "MercadoSnapchat" */ = {
			isa = XCConfigurationList;
			buildConfigurations = (
				288967712A27809200A1377B /* Debug */,
				288967722A27809200A1377B /* Release */,
			);
			defaultConfigurationIsVisible = 0;
			defaultConfigurationName = Release;
		};
/* End XCConfigurationList section */

/* Begin XCRemoteSwiftPackageReference section */
		288967752A2791C100A1377B /* XCRemoteSwiftPackageReference "firebase-ios-sdk" */ = {
			isa = XCRemoteSwiftPackageReference;
			repositoryURL = "https://github.com/firebase/firebase-ios-sdk";
			requirement = {
				kind = upToNextMajorVersion;
				minimumVersion = 9.0.0;
			};
		};
/* End XCRemoteSwiftPackageReference section */

/* Begin XCSwiftPackageProductDependency section */
		288967762A2791C100A1377B /* FirebaseAnalytics */ = {
			isa = XCSwiftPackageProductDependency;
			package = 288967752A2791C100A1377B /* XCRemoteSwiftPackageReference "firebase-ios-sdk" */;
			productName = FirebaseAnalytics;
		};
		288967782A2791C100A1377B /* FirebaseAuth */ = {
			isa = XCSwiftPackageProductDependency;
			package = 288967752A2791C100A1377B /* XCRemoteSwiftPackageReference "firebase-ios-sdk" */;
			productName = FirebaseAuth;
		};
/* End XCSwiftPackageProductDependency section */
	};
	rootObject = 288967542A27808E00A1377B /* Project object */;
}
